
Microsoft Visual Studio Solution File, Format Version 12.00
# Visual Studio 15
VisualStudioVersion = 15.0.28307.421
MinimumVisualStudioVersion = 10.0.40219.1
Project("{FAE04EC0-301F-11D3-BF4B-00C04F79EFBC}") = "Euler", "Euler\Euler.csproj", "{FF195D6B-10E1-4E35-A2BF-538F36A03637}"
EndProject
Global
	GlobalSection(SolutionConfigurationPlatforms) = preSolution
		Debug|Any CPU = Debug|Any CPU
		Release|Any CPU = Release|Any CPU
	EndGlobalSection
	GlobalSection(ProjectConfigurationPlatforms) = postSolution
		{FF195D6B-10E1-4E35-A2BF-538F36A03637}.Debug|Any CPU.ActiveCfg = Debug|Any CPU
		{FF195D6B-10E1-4E35-A2BF-538F36A03637}.Debug|Any CPU.Build.0 = Debug|Any CPU
		{FF195D6B-10E1-4E35-A2BF-538F36A03637}.Release|Any CPU.ActiveCfg = Release|Any CPU
		{FF195D6B-10E1-4E35-A2BF-538F36A03637}.Release|Any CPU.Build.0 = Release|Any CPU
	EndGlobalSection
	GlobalSection(SolutionProperties) = preSolution
		HideSolutionNode = FALSE
	EndGlobalSection
	GlobalSection(ExtensibilityGlobals) = postSolution
		SolutionGuid = {0239B9D3-924F-44C2-B935-8542265BEF1F}
	EndGlobalSection
EndGlobal
